golang.org/x/exp v0.0.0-20250711185948-6ae5c78190dc h1:TS73t7x3KarrNd5qAipmspBDS1rkMcgVG/fS1aRb4Rc=
golang.org/x/exp v0.0.0-20250711185948-6ae5c78190dc/go.mod h1:A+z0yzpGtvnG90cToK5n2tu8UJVP2XUATh+r+sfOOOc=
golang.org/x/sys v0.43.0 h1:Rlag2XtaFTxp19wS8MXlJwTvoh8ArU6ezoyFsMyCTNI=
golang.org/x/sys v0.43.0/go.mod h1:4GL1E5IUh+htKOUEOaiffhrAeqysfVGipDYzABqnCmw=
golang.org/x/time v0.15.0 h1:bbrp8t3bGUeFOx08pvsMYRTCVSMk89u4tKbNOZbp88U=
golang.org/x/time v0.15.0/go.mod h1:Y4YMaQmXwGQZoFaVFk4YpCt4FLQMYKZe9oeV/f4MSno=
gvisor.dev/gvisor v0.0.0-20260604230326-c7dbb92365cd h1:J9XM7GvNAOhAmyTpk639J0rk2J0pslM/GoJZT07L29g=
gvisor.dev/gvisor v0.0.0-20260604230326-c7dbb92365cd/go.mod h1:8aLQqUBHDH8fY5y60lzmwDpMMbQCcT3EBfoSwhfaGCY=
